
Microsoft Visual Studio Solution File, Format Version 12.00
# Visual Studio Version 17
VisualStudioVersion = 17.0.31903.59
MinimumVisualStudioVersion = 10.0.40219.1
Project("{2150E333-8FDC-42A3-9474-1A3956D46DE8}") = "src", "src", "{2F25E5E1-10D3-4773-9BD2-ABCFB77F30D1}"
EndProject
Project("{FAE04EC0-301F-11D3-BF4B-00C04F79EFBC}") = "ControleFacil.Api", "src\ControleFacil.Api\ControleFacil.Api.csproj", "{B397BC01-EA2F-416F-A52E-BA336DC4DC3C}"
EndProject
Global
	GlobalSection(SolutionConfigurationPlatforms) = preSolution
		Debug|Any CPU = Debug|Any CPU
		Release|Any CPU = Release|Any CPU
	EndGlobalSection
	GlobalSection(SolutionProperties) = preSolution
		HideSolutionNode = FALSE
	EndGlobalSection
	GlobalSection(ProjectConfigurationPlatforms) = postSolution
		{B397BC01-EA2F-416F-A52E-BA336DC4DC3C}.Debug|Any CPU.ActiveCfg = Debug|Any CPU
		{B397BC01-EA2F-416F-A52E-BA336DC4DC3C}.Debug|Any CPU.Build.0 = Debug|Any CPU
		{B397BC01-EA2F-416F-A52E-BA336DC4DC3C}.Release|Any CPU.ActiveCfg = Release|Any CPU
		{B397BC01-EA2F-416F-A52E-BA336DC4DC3C}.Release|Any CPU.Build.0 = Release|Any CPU
	EndGlobalSection
	GlobalSection(NestedProjects) = preSolution
		{B397BC01-EA2F-416F-A52E-BA336DC4DC3C} = {2F25E5E1-10D3-4773-9BD2-ABCFB77F30D1}
	EndGlobalSection
EndGlobal
